Microsoft Visual Studio Solution File, Format Version 12.00
# Visual Studio Version 17
VisualStudioVersion = 17.12.35527.113 d17.12
MinimumVisualStudioVersion = 10.0.40219.1
Project("{FAE04EC0-301F-11D3-BF4B-00C04F79EFBC}") = "ERP.Orchestrator.AppHost", "ERP.Orchestrator.AppHost\ERP.Orchestrator.AppHost.csproj", "{311908EC-5BA2-4134-A6FD-16920E810E74}"
EndProject
Project("{FAE04EC0-301F-11D3-BF4B-00C04F79EFBC}") = "ERP.Orchestrator.ServiceDefaults", "ERP.Orchestrator.ServiceDefaults\ERP.Orchestrator.ServiceDefaults.csproj", "{A042F9B2-5234-4195-AE9F-C610EB5491B8}"
EndProject
Global
	GlobalSection(SolutionConfigurationPlatforms) = preSolution
		Debug|Any CPU = Debug|Any CPU
		Release|Any CPU = Release|Any CPU
	EndGlobalSection
	GlobalSection(ProjectConfigurationPlatforms) = postSolution
		{311908EC-5BA2-4134-A6FD-16920E810E74}.Debug|Any CPU.ActiveCfg = Debug|Any CPU
		{311908EC-5BA2-4134-A6FD-16920E810E74}.Debug|Any CPU.Build.0 = Debug|Any CPU
		{311908EC-5BA2-4134-A6FD-16920E810E74}.Release|Any CPU.ActiveCfg = Release|Any CPU
		{311908EC-5BA2-4134-A6FD-16920E810E74}.Release|Any CPU.Build.0 = Release|Any CPU
		{A042F9B2-5234-4195-AE9F-C610EB5491B8}.Debug|Any CPU.ActiveCfg = Debug|Any CPU
		{A042F9B2-5234-4195-AE9F-C610EB5491B8}.Debug|Any CPU.Build.0 = Debug|Any CPU
		{A042F9B2-5234-4195-AE9F-C610EB5491B8}.Release|Any CPU.ActiveCfg = Release|Any CPU
		{A042F9B2-5234-4195-AE9F-C610EB5491B8}.Release|Any CPU.Build.0 = Release|Any CPU
	EndGlobalSection
	GlobalSection(SolutionProperties) = preSolution
		HideSolutionNode = FALSE
	EndGlobalSection
EndGlobal
